
Microsoft Visual Studio Solution File, Format Version 12.00
# Visual Studio Version 17
VisualStudioVersion = 17.0.31912.275
MinimumVisualStudioVersion = 10.0.40219.1
Project("{FAE04EC0-301F-11D3-BF4B-00C04F79EFBC}") = "TurnBasedWombat", "TurnBasedWombat.csproj", "{949ED60D-74DE-454B-A047-B88454981A39}"
EndProject
Global
	GlobalSection(SolutionConfigurationPlatforms) = preSolution
		Debug|Any CPU = Debug|Any CPU
		Release|Any CPU = Release|Any CPU
	EndGlobalSection
	GlobalSection(ProjectConfigurationPlatforms) = postSolution
		{949ED60D-74DE-454B-A047-B88454981A39}.Debug|Any CPU.ActiveCfg = Debug|Any CPU
		{949ED60D-74DE-454B-A047-B88454981A39}.Debug|Any CPU.Build.0 = Debug|Any CPU
		{949ED60D-74DE-454B-A047-B88454981A39}.Release|Any CPU.ActiveCfg = Release|Any CPU
		{949ED60D-74DE-454B-A047-B88454981A39}.Release|Any CPU.Build.0 = Release|Any CPU
	EndGlobalSection
	GlobalSection(SolutionProperties) = preSolution
		HideSolutionNode = FALSE
	EndGlobalSection
	GlobalSection(ExtensibilityGlobals) = postSolution
		SolutionGuid = {DF1E77A2-D924-4049-8EF8-87A9C50A1517}
	EndGlobalSection
EndGlobal
